
Microsoft Visual Studio Solution File, Format Version 12.00
# Visual Studio Version 17
VisualStudioVersion = 17.8.34322.80
MinimumVisualStudioVersion = 10.0.40219.1
Project("{9A19103F-16F7-4668-BE54-9A1E7A4F7556}") = "AdventureWindowsForms", "AdventureWindowsForms\AdventureWindowsForms.csproj", "{5F9580B8-2D73-4ADF-812C-09343383FF51}"
EndProject
Project("{2150E333-8FDC-42A3-9474-1A3956D46DE8}") = "Solution Items", "Solution Items", "{59FEE238-FD4E-4254-B0B0-FB55042180A7}"
	ProjectSection(SolutionItems) = preProject
		AdventureWindowsForms\bin\Debug\net6.0-windows\Images\BarracksPicture.jpg = AdventureWindowsForms\bin\Debug\net6.0-windows\Images\BarracksPicture.jpg
		AdventureWindowsForms\bin\Debug\net6.0-windows\Images\CrossroadsPicture.jpg = AdventureWindowsForms\bin\Debug\net6.0-windows\Images\CrossroadsPicture.jpg
		AdventureWindowsForms\bin\Debug\net6.0-windows\Images\DragonsLairPicture.jpg = AdventureWindowsForms\bin\Debug\net6.0-windows\Images\DragonsLairPicture.jpg
		AdventureWindowsForms\bin\Debug\net6.0-windows\Images\ForgePicture.jpg = AdventureWindowsForms\bin\Debug\net6.0-windows\Images\ForgePicture.jpg
		AdventureWindowsForms\bin\Debug\net6.0-windows\Images\KnightPicture.jpg = AdventureWindowsForms\bin\Debug\net6.0-windows\Images\KnightPicture.jpg
		AdventureWindowsForms\bin\Debug\net6.0-windows\Images\MainMenuPicture.jpg = AdventureWindowsForms\bin\Debug\net6.0-windows\Images\MainMenuPicture.jpg
		AdventureWindowsForms\bin\Debug\net6.0-windows\Images\StablePicture.jpg = AdventureWindowsForms\bin\Debug\net6.0-windows\Images\StablePicture.jpg
	EndProjectSection
EndProject
Global
	GlobalSection(SolutionConfigurationPlatforms) = preSolution
		Debug|Any CPU = Debug|Any CPU
		Release|Any CPU = Release|Any CPU
	EndGlobalSection
	GlobalSection(ProjectConfigurationPlatforms) = postSolution
		{5F9580B8-2D73-4ADF-812C-09343383FF51}.Debug|Any CPU.ActiveCfg = Debug|Any CPU
		{5F9580B8-2D73-4ADF-812C-09343383FF51}.Debug|Any CPU.Build.0 = Debug|Any CPU
		{5F9580B8-2D73-4ADF-812C-09343383FF51}.Release|Any CPU.ActiveCfg = Release|Any CPU
		{5F9580B8-2D73-4ADF-812C-09343383FF51}.Release|Any CPU.Build.0 = Release|Any CPU
	EndGlobalSection
	GlobalSection(SolutionProperties) = preSolution
		HideSolutionNode = FALSE
	EndGlobalSection
	GlobalSection(ExtensibilityGlobals) = postSolution
		SolutionGuid = {55314B19-7D9D-4286-9A54-8ADA5BAB95AB}
	EndGlobalSection
EndGlobal
